
Microsoft Visual Studio Solution File, Format Version 12.00
# Visual Studio Version 17
VisualStudioVersion = 17.3.32929.385
MinimumVisualStudioVersion = 10.0.40219.1
Project("{FAE04EC0-301F-11D3-BF4B-00C04F79EFBC}") = "EventsCity", "EventsCity\EventsCity.csproj", "{822E20AE-0F66-4B82-8D14-BB71A0E6E1A5}"
EndProject
Global
	GlobalSection(SolutionConfigurationPlatforms) = preSolution
		Debug|Any CPU = Debug|Any CPU
		Release|Any CPU = Release|Any CPU
	EndGlobalSection
	GlobalSection(ProjectConfigurationPlatforms) = postSolution
		{822E20AE-0F66-4B82-8D14-BB71A0E6E1A5}.Debug|Any CPU.ActiveCfg = Debug|Any CPU
		{822E20AE-0F66-4B82-8D14-BB71A0E6E1A5}.Debug|Any CPU.Build.0 = Debug|Any CPU
		{822E20AE-0F66-4B82-8D14-BB71A0E6E1A5}.Release|Any CPU.ActiveCfg = Release|Any CPU
		{822E20AE-0F66-4B82-8D14-BB71A0E6E1A5}.Release|Any CPU.Build.0 = Release|Any CPU
	EndGlobalSection
	GlobalSection(SolutionProperties) = preSolution
		HideSolutionNode = FALSE
	EndGlobalSection
	GlobalSection(ExtensibilityGlobals) = postSolution
		SolutionGuid = {29AF3E3B-ED80-4F99-9222-65D1DC71547D}
	EndGlobalSection
EndGlobal
